
Microsoft Visual Studio Solution File, Format Version 12.00
# Visual Studio Version 16
VisualStudioVersion = 16.0.29418.71
MinimumVisualStudioVersion = 10.0.40219.1
Project("{FAE04EC0-301F-11D3-BF4B-00C04F79EFBC}") = "OSsite", "OSsite\OSsite.csproj", "{EDEA4F46-650A-4FA6-A7EF-BCF6627E546B}"
EndProject
Global
	GlobalSection(SolutionConfigurationPlatforms) = preSolution
		Debug|Any CPU = Debug|Any CPU
		Release|Any CPU = Release|Any CPU
	EndGlobalSection
	GlobalSection(ProjectConfigurationPlatforms) = postSolution
		{EDEA4F46-650A-4FA6-A7EF-BCF6627E546B}.Debug|Any CPU.ActiveCfg = Debug|Any CPU
		{EDEA4F46-650A-4FA6-A7EF-BCF6627E546B}.Debug|Any CPU.Build.0 = Debug|Any CPU
		{EDEA4F46-650A-4FA6-A7EF-BCF6627E546B}.Release|Any CPU.ActiveCfg = Release|Any CPU
		{EDEA4F46-650A-4FA6-A7EF-BCF6627E546B}.Release|Any CPU.Build.0 = Release|Any CPU
	EndGlobalSection
	GlobalSection(SolutionProperties) = preSolution
		HideSolutionNode = FALSE
	EndGlobalSection
	GlobalSection(ExtensibilityGlobals) = postSolution
		SolutionGuid = {2665ED18-8B48-4EDE-9352-A58C1C2EB5EB}
	EndGlobalSection
EndGlobal
